
Microsoft Visual Studio Solution File, Format Version 12.00
# Visual Studio Version 17
VisualStudioVersion = 17.0.31912.275
MinimumVisualStudioVersion = 10.0.40219.1
Project("{9A19103F-16F7-4668-BE54-9A1E7A4F7556}") = "libxcm", "libxcm\libxcm.csproj", "{7E825ACA-B34F-4F11-B160-AC9745DE6B6F}"
EndProject
Project("{9A19103F-16F7-4668-BE54-9A1E7A4F7556}") = "xcmparser", "xcmparser\xcmparser.csproj", "{CCF105B3-FC6E-4BB9-BAE1-85B3320E9640}"
EndProject
Project("{9A19103F-16F7-4668-BE54-9A1E7A4F7556}") = "libxcmparse", "libxcmparse\libxcmparse.csproj", "{D883BC2E-8222-4E95-8AB6-0B7AACEA4E2D}"
EndProject
Project("{9A19103F-16F7-4668-BE54-9A1E7A4F7556}") = "libconnection", "libconnection\libconnection.csproj", "{772FD05D-A962-4610-B4A9-CA20740231FB}"
EndProject
Project("{9A19103F-16F7-4668-BE54-9A1E7A4F7556}") = "libsmp", "libconnection\libsmp\C#\libsmp\libsmp.csproj", "{806EA599-B24B-40BC-9A20-91E2C6FCCD8A}"
EndProject
Global
	GlobalSection(SolutionConfigurationPlatforms) = preSolution
		Debug|Any CPU = Debug|Any CPU
		Debug|x64 = Debug|x64
		Release|Any CPU = Release|Any CPU
		Release|x64 = Release|x64
	EndGlobalSection
	GlobalSection(ProjectConfigurationPlatforms) = postSolution
		{7E825ACA-B34F-4F11-B160-AC9745DE6B6F}.Debug|Any CPU.ActiveCfg = Debug|Any CPU
		{7E825ACA-B34F-4F11-B160-AC9745DE6B6F}.Debug|Any CPU.Build.0 = Debug|Any CPU
		{7E825ACA-B34F-4F11-B160-AC9745DE6B6F}.Debug|x64.ActiveCfg = Debug|Any CPU
		{7E825ACA-B34F-4F11-B160-AC9745DE6B6F}.Debug|x64.Build.0 = Debug|Any CPU
		{7E825ACA-B34F-4F11-B160-AC9745DE6B6F}.Release|Any CPU.ActiveCfg = Release|Any CPU
		{7E825ACA-B34F-4F11-B160-AC9745DE6B6F}.Release|Any CPU.Build.0 = Release|Any CPU
		{7E825ACA-B34F-4F11-B160-AC9745DE6B6F}.Release|x64.ActiveCfg = Release|Any CPU
		{7E825ACA-B34F-4F11-B160-AC9745DE6B6F}.Release|x64.Build.0 = Release|Any CPU
		{CCF105B3-FC6E-4BB9-BAE1-85B3320E9640}.Debug|Any CPU.ActiveCfg = Debug|Any CPU
		{CCF105B3-FC6E-4BB9-BAE1-85B3320E9640}.Debug|Any CPU.Build.0 = Debug|Any CPU
		{CCF105B3-FC6E-4BB9-BAE1-85B3320E9640}.Debug|x64.ActiveCfg = Debug|Any CPU
		{CCF105B3-FC6E-4BB9-BAE1-85B3320E9640}.Debug|x64.Build.0 = Debug|Any CPU
		{CCF105B3-FC6E-4BB9-BAE1-85B3320E9640}.Release|Any CPU.ActiveCfg = Release|Any CPU
		{CCF105B3-FC6E-4BB9-BAE1-85B3320E9640}.Release|Any CPU.Build.0 = Release|Any CPU
		{CCF105B3-FC6E-4BB9-BAE1-85B3320E9640}.Release|x64.ActiveCfg = Release|Any CPU
		{CCF105B3-FC6E-4BB9-BAE1-85B3320E9640}.Release|x64.Build.0 = Release|Any CPU
		{D883BC2E-8222-4E95-8AB6-0B7AACEA4E2D}.Debug|Any CPU.ActiveCfg = Debug|Any CPU
		{D883BC2E-8222-4E95-8AB6-0B7AACEA4E2D}.Debug|Any CPU.Build.0 = Debug|Any CPU
		{D883BC2E-8222-4E95-8AB6-0B7AACEA4E2D}.Debug|x64.ActiveCfg = Debug|Any CPU
		{D883BC2E-8222-4E95-8AB6-0B7AACEA4E2D}.Debug|x64.Build.0 = Debug|Any CPU
		{D883BC2E-8222-4E95-8AB6-0B7AACEA4E2D}.Release|Any CPU.ActiveCfg = Release|Any CPU
		{D883BC2E-8222-4E95-8AB6-0B7AACEA4E2D}.Release|Any CPU.Build.0 = Release|Any CPU
		{D883BC2E-8222-4E95-8AB6-0B7AACEA4E2D}.Release|x64.ActiveCfg = Release|Any CPU
		{D883BC2E-8222-4E95-8AB6-0B7AACEA4E2D}.Release|x64.Build.0 = Release|Any CPU
		{772FD05D-A962-4610-B4A9-CA20740231FB}.Debug|Any CPU.ActiveCfg = Debug|Any CPU
		{772FD05D-A962-4610-B4A9-CA20740231FB}.Debug|Any CPU.Build.0 = Debug|Any CPU
		{772FD05D-A962-4610-B4A9-CA20740231FB}.Debug|x64.ActiveCfg = Debug|Any CPU
		{772FD05D-A962-4610-B4A9-CA20740231FB}.Debug|x64.Build.0 = Debug|Any CPU
		{772FD05D-A962-4610-B4A9-CA20740231FB}.Release|Any CPU.ActiveCfg = Release|Any CPU
		{772FD05D-A962-4610-B4A9-CA20740231FB}.Release|Any CPU.Build.0 = Release|Any CPU
		{772FD05D-A962-4610-B4A9-CA20740231FB}.Release|x64.ActiveCfg = Release|Any CPU
		{772FD05D-A962-4610-B4A9-CA20740231FB}.Release|x64.Build.0 = Release|Any CPU
		{806EA599-B24B-40BC-9A20-91E2C6FCCD8A}.Debug|Any CPU.ActiveCfg = Debug|Any CPU
		{806EA599-B24B-40BC-9A20-91E2C6FCCD8A}.Debug|Any CPU.Build.0 = Debug|Any CPU
		{806EA599-B24B-40BC-9A20-91E2C6FCCD8A}.Debug|x64.ActiveCfg = Debug|Any CPU
		{806EA599-B24B-40BC-9A20-91E2C6FCCD8A}.Debug|x64.Build.0 = Debug|Any CPU
		{806EA599-B24B-40BC-9A20-91E2C6FCCD8A}.Release|Any CPU.ActiveCfg = Release|Any CPU
		{806EA599-B24B-40BC-9A20-91E2C6FCCD8A}.Release|Any CPU.Build.0 = Release|Any CPU
		{806EA599-B24B-40BC-9A20-91E2C6FCCD8A}.Release|x64.ActiveCfg = Release|Any CPU
		{806EA599-B24B-40BC-9A20-91E2C6FCCD8A}.Release|x64.Build.0 = Release|Any CPU
	EndGlobalSection
	GlobalSection(SolutionProperties) = preSolution
		HideSolutionNode = FALSE
	EndGlobalSection
	GlobalSection(ExtensibilityGlobals) = postSolution
		SolutionGuid = {957E6F66-535C-4B55-BB52-ECE716981E80}
	EndGlobalSection
EndGlobal
